// !$*UTF8*$!
{
	archiveVersion = 1;
	classes = {
	};
	objectVersion = 46;
	objects = {

/* Begin PBXBuildFile section */
		4211E59A20B2A4C100E11076 /* AppDelegate.swift in Sources */ = {isa = PBXBuildFile; fileRef = 4211E59920B2A4C100E11076 /* AppDelegate.swift */; };
		4211E59C20B2A4C100E11076 /* ViewController.swift in Sources */ = {isa = PBXBuildFile; fileRef = 4211E59B20B2A4C100E11076 /* ViewController.swift */; };
		4211E59F20B2A4C100E11076 /* Main.storyboard in Resources */ = {isa = PBXBuildFile; fileRef = 4211E59D20B2A4C100E11076 /* Main.storyboard */; };
		4211E5A120B2A4CC00E11076 /* Assets.xcassets in Resources */ = {isa = PBXBuildFile; fileRef = 4211E5A020B2A4CC00E11076 /* Assets.xcassets */; };
		4211E5A420B2A4CC00E11076 /* LaunchScreen.storyboard in Resources */ = {isa = PBXBuildFile; fileRef = 4211E5A220B2A4CC00E11076 /* LaunchScreen.storyboard */; };
		4211E5AF20B2A4CD00E11076 /* CollectionViewTestTests.swift in Sources */ = {isa = PBXBuildFile; fileRef = 4211E5AE20B2A4CD00E11076 /* CollectionViewTestTests.swift */; };
		4211E5BA20B2A4CD00E11076 /* CollectionViewTestUITests.swift in Sources */ = {isa = PBXBuildFile; fileRef = 4211E5B920B2A4CD00E11076 /* CollectionViewTestUITests.swift */; };
		4211E5C920B2A6C400E11076 /* ApiManager.swift in Sources */ = {isa = PBXBuildFile; fileRef = 4211E5C720B2A6C400E11076 /* ApiManager.swift */; };
		4211E5CA20B2A6C400E11076 /* CollectionViewCell.swift in Sources */ = {isa = PBXBuildFile; fileRef = 4211E5C820B2A6C400E11076 /* CollectionViewCell.swift */; };
		4211E5CC20B2A6D600E11076 /* DataManager.swift in Sources */ = {isa = PBXBuildFile; fileRef = 4211E5CB20B2A6D500E11076 /* DataManager.swift */; };
		4211E5D520B2A97700E11076 /* Item.m in Sources */ = {isa = PBXBuildFile; fileRef = 4211E5D020B2A97600E11076 /* Item.m */; };
		4211E5D620B2A97700E11076 /* JMImageCache.m in Sources */ = {isa = PBXBuildFile; fileRef = 4211E5D120B2A97600E11076 /* JMImageCache.m */; };
		4211E5D720B2A97700E11076 /* UIImageView+JMImageCache.m in Sources */ = {isa = PBXBuildFile; fileRef = 4211E5D420B2A97600E11076 /* UIImageView+JMImageCache.m */; };
		4211E5D920B2AC3A00E11076 /* RowsManager.swift in Sources */ = {isa = PBXBuildFile; fileRef = 4211E5D820B2AC3A00E11076 /* RowsManager.swift */; };
		4211E5DB20B2AEAB00E11076 /* DetailViewController.swift in Sources */ = {isa = PBXBuildFile; fileRef = 4211E5DA20B2AEAB00E11076 /* DetailViewController.swift */; };
/* End PBXBuildFile section */

/* Begin PBXContainerItemProxy section */
		4211E5AB20B2A4CD00E11076 /* PBXContainerItemProxy */ = {
			isa = PBXContainerItemProxy;
			containerPortal = 4211E58E20B2A4C100E11076 /* Project object */;
			proxyType = 1;
			remoteGlobalIDString = 4211E59520B2A4C100E11076;
			remoteInfo = CollectionViewTest;
		};
		4211E5B620B2A4CD00E11076 /* PBXContainerItemProxy */ = {
			isa = PBXContainerItemProxy;
			containerPortal = 4211E58E20B2A4C100E11076 /* Project object */;
			proxyType = 1;
			remoteGlobalIDString = 4211E59520B2A4C100E11076;
			remoteInfo = CollectionViewTest;
		};
/* End PBXContainerItemProxy section */

/* Begin PBXFileReference section */
		4211E59620B2A4C100E11076 /* CollectionViewTest.app */ = {isa = PBXFileReference; explicitFileType = wrapper.application; includeInIndex = 0; path = CollectionViewTest.app; sourceTree = BUILT_PRODUCTS_DIR; };
		4211E59920B2A4C100E11076 /* AppDelegate.swift */ = {isa = PBXFileReference; lastKnownFileType = sourcecode.swift; path = AppDelegate.swift; sourceTree = "<group>"; };
		4211E59B20B2A4C100E11076 /* ViewController.swift */ = {isa = PBXFileReference; lastKnownFileType = sourcecode.swift; path = ViewController.swift; sourceTree = "<group>"; };
		4211E59E20B2A4C100E11076 /* Base */ = {isa = PBXFileReference; lastKnownFileType = file.storyboard; name = Base; path = Base.lproj/Main.storyboard; sourceTree = "<group>"; };
		4211E5A020B2A4CC00E11076 /* Assets.xcassets */ = {isa = PBXFileReference; lastKnownFileType = folder.assetcatalog; path = Assets.xcassets; sourceTree = "<group>"; };
		4211E5A320B2A4CC00E11076 /* Base */ = {isa = PBXFileReference; lastKnownFileType = file.storyboard; name = Base; path = Base.lproj/LaunchScreen.storyboard; sourceTree = "<group>"; };
		4211E5A520B2A4CC00E11076 /* Info.plist */ = {isa = PBXFileReference; lastKnownFileType = text.plist.xml; path = Info.plist; sourceTree = "<group>"; };
		4211E5AA20B2A4CD00E11076 /* CollectionViewTestTests.xctest */ = {isa = PBXFileReference; explicitFileType = wrapper.cfbundle; includeInIndex = 0; path = CollectionViewTestTests.xctest; sourceTree = BUILT_PRODUCTS_DIR; };
		4211E5AE20B2A4CD00E11076 /* CollectionViewTestTests.swift */ = {isa = PBXFileReference; lastKnownFileType = sourcecode.swift; path = CollectionViewTestTests.swift; sourceTree = "<group>"; };
		4211E5B020B2A4CD00E11076 /* Info.plist */ = {isa = PBXFileReference; lastKnownFileType = text.plist.xml; path = Info.plist; sourceTree = "<group>"; };
		4211E5B520B2A4CD00E11076 /* CollectionViewTestUITests.xctest */ = {isa = PBXFileReference; explicitFileType = wrapper.cfbundle; includeInIndex = 0; path = CollectionViewTestUITests.xctest; sourceTree = BUILT_PRODUCTS_DIR; };
		4211E5B920B2A4CD00E11076 /* CollectionViewTestUITests.swift */ = {isa = PBXFileReference; lastKnownFileType = sourcecode.swift; path = CollectionViewTestUITests.swift; sourceTree = "<group>"; };
		4211E5BB20B2A4CD00E11076 /* Info.plist */ = {isa = PBXFileReference; lastKnownFileType = text.plist.xml; path = Info.plist; sourceTree = "<group>"; };
		4211E5C720B2A6C400E11076 /* ApiManager.swift */ = {isa = PBXFileReference; fileEncoding = 4; lastKnownFileType = sourcecode.swift; path = ApiManager.swift; sourceTree = "<group>"; };
		4211E5C820B2A6C400E11076 /* CollectionViewCell.swift */ = {isa = PBXFileReference; fileEncoding = 4; lastKnownFileType = sourcecode.swift; path = CollectionViewCell.swift; sourceTree = "<group>"; };
		4211E5CB20B2A6D500E11076 /* DataManager.swift */ = {isa = PBXFileReference; fileEncoding = 4; lastKnownFileType = sourcecode.swift; path = DataManager.swift; sourceTree = "<group>"; };
		4211E5CE20B2A97500E11076 /* CollectionViewTest-Bridging-Header.h */ = {isa = PBXFileReference; lastKnownFileType = sourcecode.c.h; path = "CollectionViewTest-Bridging-Header.h"; sourceTree = "<group>"; };
		4211E5CF20B2A97600E11076 /* Item.h */ = {isa = PBXFileReference; fileEncoding = 4; lastKnownFileType = sourcecode.c.h; path = Item.h; sourceTree = "<group>"; };
		4211E5D020B2A97600E11076 /* Item.m */ = {isa = PBXFileReference; fileEncoding = 4; lastKnownFileType = sourcecode.c.objc; path = Item.m; sourceTree = "<group>"; };
		4211E5D120B2A97600E11076 /* JMImageCache.m */ = {isa = PBXFileReference; fileEncoding = 4; lastKnownFileType = sourcecode.c.objc; path = JMImageCache.m; sourceTree = "<group>"; };
		4211E5D220B2A97600E11076 /* JMImageCache.h */ = {isa = PBXFileReference; fileEncoding = 4; lastKnownFileType = sourcecode.c.h; path = JMImageCache.h; sourceTree = "<group>"; };
		4211E5D320B2A97600E11076 /* UIImageView+JMImageCache.h */ = {isa = PBXFileReference; fileEncoding = 4; lastKnownFileType = sourcecode.c.h; path = "UIImageView+JMImageCache.h"; sourceTree = "<group>"; };
		4211E5D420B2A97600E11076 /* UIImageView+JMImageCache.m */ = {isa = PBXFileReference; fileEncoding = 4; lastKnownFileType = sourcecode.c.objc; path = "UIImageView+JMImageCache.m"; sourceTree = "<group>"; };
		4211E5D820B2AC3A00E11076 /* RowsManager.swift */ = {isa = PBXFileReference; fileEncoding = 4; lastKnownFileType = sourcecode.swift; path = RowsManager.swift; sourceTree = "<group>"; };
		4211E5DA20B2AEAB00E11076 /* DetailViewController.swift */ = {isa = PBXFileReference; fileEncoding = 4; lastKnownFileType = sourcecode.swift; path = DetailViewController.swift; sourceTree = "<group>"; };
/* End PBXFileReference section */

/* Begin PBXFrameworksBuildPhase section */
		4211E59320B2A4C100E11076 /* Frameworks */ = {
			isa = PBXFrameworksBuildPhase;
			buildActionMask = 2147483647;
			files = (
			);
			runOnlyForDeploymentPostprocessing = 0;
		};
		4211E5A720B2A4CD00E11076 /* Frameworks */ = {
			isa = PBXFrameworksBuildPhase;
			buildActionMask = 2147483647;
			files = (
			);
			runOnlyForDeploymentPostprocessing = 0;
		};
		4211E5B220B2A4CD00E11076 /* Frameworks */ = {
			isa = PBXFrameworksBuildPhase;
			buildActionMask = 2147483647;
			files = (
			);
			runOnlyForDeploymentPostprocessing = 0;
		};
/* End PBXFrameworksBuildPhase section */

/* Begin PBXGroup section */
		4211E58D20B2A4C100E11076 = {
			isa = PBXGroup;
			children = (
				4211E5CD20B2A94100E11076 /* JMImageCache */,
				4211E59820B2A4C100E11076 /* CollectionViewTest */,
				4211E5AD20B2A4CD00E11076 /* CollectionViewTestTests */,
				4211E5B820B2A4CD00E11076 /* CollectionViewTestUITests */,
				4211E59720B2A4C100E11076 /* Products */,
			);
			sourceTree = "<group>";
		};
		4211E59720B2A4C100E11076 /* Products */ = {
			isa = PBXGroup;
			children = (
				4211E59620B2A4C100E11076 /* CollectionViewTest.app */,
				4211E5AA20B2A4CD00E11076 /* CollectionViewTestTests.xctest */,
				4211E5B520B2A4CD00E11076 /* CollectionViewTestUITests.xctest */,
			);
			name = Products;
			sourceTree = "<group>";
		};
		4211E59820B2A4C100E11076 /* CollectionViewTest */ = {
			isa = PBXGroup;
			children = (
				4211E5DA20B2AEAB00E11076 /* DetailViewController.swift */,
				4211E5D820B2AC3A00E11076 /* RowsManager.swift */,
				4211E5CB20B2A6D500E11076 /* DataManager.swift */,
				4211E5C720B2A6C400E11076 /* ApiManager.swift */,
				4211E5C820B2A6C400E11076 /* CollectionViewCell.swift */,
				4211E59920B2A4C100E11076 /* AppDelegate.swift */,
				4211E59B20B2A4C100E11076 /* ViewController.swift */,
				4211E59D20B2A4C100E11076 /* Main.storyboard */,
				4211E5A020B2A4CC00E11076 /* Assets.xcassets */,
				4211E5A220B2A4CC00E11076 /* LaunchScreen.storyboard */,
				4211E5CE20B2A97500E11076 /* CollectionViewTest-Bridging-Header.h */,
				4211E5A520B2A4CC00E11076 /* Info.plist */,
			);
			path = CollectionViewTest;
			sourceTree = "<group>";
		};
		4211E5AD20B2A4CD00E11076 /* CollectionViewTestTests */ = {
			isa = PBXGroup;
			children = (
				4211E5AE20B2A4CD00E11076 /* CollectionViewTestTests.swift */,
				4211E5B020B2A4CD00E11076 /* Info.plist */,
			);
			path = CollectionViewTestTests;
			sourceTree = "<group>";
		};
		4211E5B820B2A4CD00E11076 /* CollectionViewTestUITests */ = {
			isa = PBXGroup;
			children = (
				4211E5B920B2A4CD00E11076 /* CollectionViewTestUITests.swift */,
				4211E5BB20B2A4CD00E11076 /* Info.plist */,
			);
			path = CollectionViewTestUITests;
			sourceTree = "<group>";
		};
		4211E5CD20B2A94100E11076 /* JMImageCache */ = {
			isa = PBXGroup;
			children = (
				4211E5CF20B2A97600E11076 /* Item.h */,
				4211E5D020B2A97600E11076 /* Item.m */,
				4211E5D220B2A97600E11076 /* JMImageCache.h */,
				4211E5D120B2A97600E11076 /* JMImageCache.m */,
				4211E5D320B2A97600E11076 /* UIImageView+JMImageCache.h */,
				4211E5D420B2A97600E11076 /* UIImageView+JMImageCache.m */,
			);
			path = JMImageCache;
			sourceTree = "<group>";
		};
/* End PBXGroup section */

/* Begin PBXNativeTarget section */
		4211E59520B2A4C100E11076 /* CollectionViewTest */ = {
			isa = PBXNativeTarget;
			buildConfigurationList = 4211E5BE20B2A4CD00E11076 /* Build configuration list for PBXNativeTarget "CollectionViewTest" */;
			buildPhases = (
				4211E59220B2A4C100E11076 /* Sources */,
				4211E59320B2A4C100E11076 /* Frameworks */,
				4211E59420B2A4C100E11076 /* Resources */,
			);
			buildRules = (
			);
			dependencies = (
			);
			name = CollectionViewTest;
			productName = CollectionViewTest;
			productReference = 4211E59620B2A4C100E11076 /* CollectionViewTest.app */;
			productType = "com.apple.product-type.application";
		};
		4211E5A920B2A4CD00E11076 /* CollectionViewTestTests */ = {
			isa = PBXNativeTarget;
			buildConfigurationList = 4211E5C120B2A4CD00E11076 /* Build configuration list for PBXNativeTarget "CollectionViewTestTests" */;
			buildPhases = (
				4211E5A620B2A4CD00E11076 /* Sources */,
				4211E5A720B2A4CD00E11076 /* Frameworks */,
				4211E5A820B2A4CD00E11076 /* Resources */,
			);
			buildRules = (
			);
			dependencies = (
				4211E5AC20B2A4CD00E11076 /* PBXTargetDependency */,
			);
			name = CollectionViewTestTests;
			productName = CollectionViewTestTests;
			productReference = 4211E5AA20B2A4CD00E11076 /* CollectionViewTestTests.xctest */;
			productType = "com.apple.product-type.bundle.unit-test";
		};
		4211E5B420B2A4CD00E11076 /* CollectionViewTestUITests */ = {
			isa = PBXNativeTarget;
			buildConfigurationList = 4211E5C420B2A4CD00E11076 /* Build configuration list for PBXNativeTarget "CollectionViewTestUITests" */;
			buildPhases = (
				4211E5B120B2A4CD00E11076 /* Sources */,
				4211E5B220B2A4CD00E11076 /* Frameworks */,
				4211E5B320B2A4CD00E11076 /* Resources */,
			);
			buildRules = (
			);
			dependencies = (
				4211E5B720B2A4CD00E11076 /* PBXTargetDependency */,
			);
			name = CollectionViewTestUITests;
			productName = CollectionViewTestUITests;
			productReference = 4211E5B520B2A4CD00E11076 /* CollectionViewTestUITests.xctest */;
			productType = "com.apple.product-type.bundle.ui-testing";
		};
/* End PBXNativeTarget section */

/* Begin PBXProject section */
		4211E58E20B2A4C100E11076 /* Project object */ = {
			isa = PBXProject;
			attributes = {
				LastSwiftUpdateCheck = 0930;
				LastUpgradeCheck = 0930;
				ORGANIZATIONNAME = AryaSreenivasan;
				TargetAttributes = {
					4211E59520B2A4C100E11076 = {
						CreatedOnToolsVersion = 9.3;
						LastSwiftMigration = 0930;
						ProvisioningStyle = Automatic;
					};
					4211E5A920B2A4CD00E11076 = {
						CreatedOnToolsVersion = 9.3;
						ProvisioningStyle = Automatic;
						TestTargetID = 4211E59520B2A4C100E11076;
					};
					4211E5B420B2A4CD00E11076 = {
						CreatedOnToolsVersion = 9.3;
						ProvisioningStyle = Automatic;
						TestTargetID = 4211E59520B2A4C100E11076;
					};
				};
			};
			buildConfigurationList = 4211E59120B2A4C100E11076 /* Build configuration list for PBXProject "CollectionViewTest" */;
			compatibilityVersion = "Xcode 3.2";
			developmentRegion = en;
			hasScannedForEncodings = 0;
			knownRegions = (
				en,
				Base,
			);
			mainGroup = 4211E58D20B2A4C100E11076;
			productRefGroup = 4211E59720B2A4C100E11076 /* Products */;
			projectDirPath = "";
			projectRoot = "";
			targets = (
				4211E59520B2A4C100E11076 /* CollectionViewTest */,
				4211E5A920B2A4CD00E11076 /* CollectionViewTestTests */,
				4211E5B420B2A4CD00E11076 /* CollectionViewTestUITests */,
			);
		};
/* End PBXProject section */

/* Begin PBXResourcesBuildPhase section */
		4211E59420B2A4C100E11076 /* Resources */ = {
			isa = PBXResourcesBuildPhase;
			buildActionMask = 2147483647;
			files = (
				4211E5A420B2A4CC00E11076 /* LaunchScreen.storyboard in Resources */,
				4211E5A120B2A4CC00E11076 /* Assets.xcassets in Resources */,
				4211E59F20B2A4C100E11076 /* Main.storyboard in Resources */,
			);
			runOnlyForDeploymentPostprocessing = 0;
		};
		4211E5A820B2A4CD00E11076 /* Resources */ = {
			isa = PBXResourcesBuildPhase;
			buildActionMask = 2147483647;
			files = (
			);
			runOnlyForDeploymentPostprocessing = 0;
		};
		4211E5B320B2A4CD00E11076 /* Resources */ = {
			isa = PBXResourcesBuildPhase;
			buildActionMask = 2147483647;
			files = (
			);
			runOnlyForDeploymentPostprocessing = 0;
		};
/* End PBXResourcesBuildPhase section */

/* Begin PBXSourcesBuildPhase section */
		4211E59220B2A4C100E11076 /* Sources */ = {
			isa = PBXSourcesBuildPhase;
			buildActionMask = 2147483647;
			files = (
				4211E5D520B2A97700E11076 /* Item.m in Sources */,
				4211E5D620B2A97700E11076 /* JMImageCache.m in Sources */,
				4211E5D720B2A97700E11076 /* UIImageView+JMImageCache.m in Sources */,
				4211E59C20B2A4C100E11076 /* ViewController.swift in Sources */,
				4211E5CC20B2A6D600E11076 /* DataManager.swift in Sources */,
				4211E5D920B2AC3A00E11076 /* RowsManager.swift in Sources */,
				4211E5C920B2A6C400E11076 /* ApiManager.swift in Sources */,
				4211E5DB20B2AEAB00E11076 /* DetailViewController.swift in Sources */,
				4211E5CA20B2A6C400E11076 /* CollectionViewCell.swift in Sources */,
				4211E59A20B2A4C100E11076 /* AppDelegate.swift in Sources */,
			);
			runOnlyForDeploymentPostprocessing = 0;
		};
		4211E5A620B2A4CD00E11076 /* Sources */ = {
			isa = PBXSourcesBuildPhase;
			buildActionMask = 2147483647;
			files = (
				4211E5AF20B2A4CD00E11076 /* CollectionViewTestTests.swift in Sources */,
			);
			runOnlyForDeploymentPostprocessing = 0;
		};
		4211E5B120B2A4CD00E11076 /* Sources */ = {
			isa = PBXSourcesBuildPhase;
			buildActionMask = 2147483647;
			files = (
				4211E5BA20B2A4CD00E11076 /* CollectionViewTestUITests.swift in Sources */,
			);
			runOnlyForDeploymentPostprocessing = 0;
		};
/* End PBXSourcesBuildPhase section */

/* Begin PBXTargetDependency section */
		4211E5AC20B2A4CD00E11076 /* PBXTargetDependency */ = {
			isa = PBXTargetDependency;
			target = 4211E59520B2A4C100E11076 /* CollectionViewTest */;
			targetProxy = 4211E5AB20B2A4CD00E11076 /* PBXContainerItemProxy */;
		};
		4211E5B720B2A4CD00E11076 /* PBXTargetDependency */ = {
			isa = PBXTargetDependency;
			target = 4211E59520B2A4C100E11076 /* CollectionViewTest */;
			targetProxy = 4211E5B620B2A4CD00E11076 /* PBXContainerItemProxy */;
		};
/* End PBXTargetDependency section */

/* Begin PBXVariantGroup section */
		4211E59D20B2A4C100E11076 /* Main.storyboard */ = {
			isa = PBXVariantGroup;
			children = (
				4211E59E20B2A4C100E11076 /* Base */,
			);
			name = Main.storyboard;
			sourceTree = "<group>";
		};
		4211E5A220B2A4CC00E11076 /* LaunchScreen.storyboard */ = {
			isa = PBXVariantGroup;
			children = (
				4211E5A320B2A4CC00E11076 /* Base */,
			);
			name = LaunchScreen.storyboard;
			sourceTree = "<group>";
		};
/* End PBXVariantGroup section */

/* Begin XCBuildConfiguration section */
		4211E5BC20B2A4CD00E11076 /* Debug */ = {
			isa = XCBuildConfiguration;
			buildSettings = {
				ALWAYS_SEARCH_USER_PATHS = NO;
				CLANG_ANALYZER_NONNULL = YES;
				CLANG_ANALYZER_NUMBER_OBJECT_CONVERSION = YES_AGGRESSIVE;
				CLANG_CXX_LANGUAGE_STANDARD = "gnu++14";
				CLANG_CXX_LIBRARY = "libc++";
				CLANG_ENABLE_MODULES = YES;
				CLANG_ENABLE_OBJC_ARC = YES;
				CLANG_ENABLE_OBJC_WEAK = YES;
				CLANG_WARN_BLOCK_CAPTURE_AUTORELEASING = YES;
				CLANG_WARN_BOOL_CONVERSION = YES;
				CLANG_WARN_COMMA = YES;
				CLANG_WARN_CONSTANT_CONVERSION = YES;
				CLANG_WARN_DEPRECATED_OBJC_IMPLEMENTATIONS = YES;
				CLANG_WARN_DIRECT_OBJC_ISA_USAGE = YES_ERROR;
				CLANG_WARN_DOCUMENTATION_COMMENTS = YES;
				CLANG_WARN_EMPTY_BODY = YES;
				CLANG_WARN_ENUM_CONVERSION = YES;
				CLANG_WARN_INFINITE_RECURSION = YES;
				CLANG_WARN_INT_CONVERSION = YES;
				CLANG_WARN_NON_LITERAL_NULL_CONVERSION = YES;
				CLANG_WARN_OBJC_IMPLICIT_RETAIN_SELF = YES;
				CLANG_WARN_OBJC_LITERAL_CONVERSION = YES;
				CLANG_WARN_OBJC_ROOT_CLASS = YES_ERROR;
				CLANG_WARN_RANGE_LOOP_ANALYSIS = YES;
				CLANG_WARN_STRICT_PROTOTYPES = YES;
				CLANG_WARN_SUSPICIOUS_MOVE = YES;
				CLANG_WARN_UNGUARDED_AVAILABILITY = YES_AGGRESSIVE;
				CLANG_WARN_UNREACHABLE_CODE = YES;
				CLANG_WARN__DUPLICATE_METHOD_MATCH = YES;
				CODE_SIGN_IDENTITY = "iPhone Developer";
				COPY_PHASE_STRIP = NO;
				DEBUG_INFORMATION_FORMAT = dwarf;
				ENABLE_STRICT_OBJC_MSGSEND = YES;
				ENABLE_TESTABILITY = YES;
				GCC_C_LANGUAGE_STANDARD = gnu11;
				GCC_DYNAMIC_NO_PIC = NO;
				GCC_NO_COMMON_BLOCKS = YES;
				GCC_OPTIMIZATION_LEVEL = 0;
				GCC_PREPROCESSOR_DEFINITIONS = (
					"DEBUG=1",
					"$(inherited)",
				);
				GCC_WARN_64_TO_32_BIT_CONVERSION = YES;
				GCC_WARN_ABOUT_RETURN_TYPE = YES_ERROR;
				GCC_WARN_UNDECLARED_SELECTOR = YES;
				GCC_WARN_UNINITIALIZED_AUTOS = YES_AGGRESSIVE;
				GCC_WARN_UNUSED_FUNCTION = YES;
				GCC_WARN_UNUSED_VARIABLE = YES;
				IPHONEOS_DEPLOYMENT_TARGET = 11.3;
				MTL_ENABLE_DEBUG_INFO = YES;
				ONLY_ACTIVE_ARCH = YES;
				SDKROOT = iphoneos;
				SWIFT_ACTIVE_COMPILATION_CONDITIONS = DEBUG;
				SWIFT_OBJC_BRIDGING_HEADER = "CollectionViewTest/CollectionViewTest-Bridging-Header.h";
				SWIFT_OPTIMIZATION_LEVEL = "-Onone";
			};
			name = Debug;
		};
		4211E5BD20B2A4CD00E11076 /* Release */ = {
			isa = XCBuildConfiguration;
			buildSettings = {
				ALWAYS_SEARCH_USER_PATHS = NO;
				CLANG_ANALYZER_NONNULL = YES;
				CLANG_ANALYZER_NUMBER_OBJECT_CONVERSION = YES_AGGRESSIVE;
				CLANG_CXX_LANGUAGE_STANDARD = "gnu++14";
				CLANG_CXX_LIBRARY = "libc++";
				CLANG_ENABLE_MODULES = YES;
				CLANG_ENABLE_OBJC_ARC = YES;
				CLANG_ENABLE_OBJC_WEAK = YES;
				CLANG_WARN_BLOCK_CAPTURE_AUTORELEASING = YES;
				CLANG_WARN_BOOL_CONVERSION = YES;
				CLANG_WARN_COMMA = YES;
				CLANG_WARN_CONSTANT_CONVERSION = YES;
				CLANG_WARN_DEPRECATED_OBJC_IMPLEMENTATIONS = YES;
				CLANG_WARN_DIRECT_OBJC_ISA_USAGE = YES_ERROR;
				CLANG_WARN_DOCUMENTATION_COMMENTS = YES;
				CLANG_WARN_EMPTY_BODY = YES;
				CLANG_WARN_ENUM_CONVERSION = YES;
				CLANG_WARN_INFINITE_RECURSION = YES;
				CLANG_WARN_INT_CONVERSION = YES;
				CLANG_WARN_NON_LITERAL_NULL_CONVERSION = YES;
				CLANG_WARN_OBJC_IMPLICIT_RETAIN_SELF = YES;
				CLANG_WARN_OBJC_LITERAL_CONVERSION = YES;
				CLANG_WARN_OBJC_ROOT_CLASS = YES_ERROR;
				CLANG_WARN_RANGE_LOOP_ANALYSIS = YES;
				CLANG_WARN_STRICT_PROTOTYPES = YES;
				CLANG_WARN_SUSPICIOUS_MOVE = YES;
				CLANG_WARN_UNGUARDED_AVAILABILITY = YES_AGGRESSIVE;
				CLANG_WARN_UNREACHABLE_CODE = YES;
				CLANG_WARN__DUPLICATE_METHOD_MATCH = YES;
				CODE_SIGN_IDENTITY = "iPhone Developer";
				COPY_PHASE_STRIP = NO;
				DEBUG_INFORMATION_FORMAT = "dwarf-with-dsym";
				ENABLE_NS_ASSERTIONS = NO;
				ENABLE_STRICT_OBJC_MSGSEND = YES;
				GCC_C_LANGUAGE_STANDARD = gnu11;
				GCC_NO_COMMON_BLOCKS = YES;
				GCC_WARN_64_TO_32_BIT_CONVERSION = YES;
				GCC_WARN_ABOUT_RETURN_TYPE = YES_ERROR;
				GCC_WARN_UNDECLARED_SELECTOR = YES;
				GCC_WARN_UNINITIALIZED_AUTOS = YES_AGGRESSIVE;
				GCC_WARN_UNUSED_FUNCTION = YES;
				GCC_WARN_UNUSED_VARIABLE = YES;
				IPHONEOS_DEPLOYMENT_TARGET = 11.3;
				MTL_ENABLE_DEBUG_INFO = NO;
				SDKROOT = iphoneos;
				SWIFT_OBJC_BRIDGING_HEADER = "CollectionViewTest/CollectionViewTest-Bridging-Header.h";
				SWIFT_OPTIMIZATION_LEVEL = "-Owholemodule";
				VALIDATE_PRODUCT = YES;
			};
			name = Release;
		};
		4211E5BF20B2A4CD00E11076 /* Debug */ = {
			isa = XCBuildConfiguration;
			buildSettings = {
				ASSETCATALOG_COMPILER_APPICON_NAME = AppIcon;
				CLANG_ENABLE_MODULES = YES;
				CODE_SIGN_STYLE = Automatic;
				INFOPLIST_FILE = CollectionViewTest/Info.plist;
				LD_RUNPATH_SEARCH_PATHS = "$(inherited) @executable_path/Frameworks";
				PRODUCT_BUNDLE_IDENTIFIER = "com.-AryaSreenivasan.CollectionViewTest";
				PRODUCT_NAME = "$(TARGET_NAME)";
				SWIFT_OBJC_BRIDGING_HEADER = "CollectionViewTest/CollectionViewTest-Bridging-Header.h";
				SWIFT_OPTIMIZATION_LEVEL = "-Onone";
				SWIFT_VERSION = 4.0;
				TARGETED_DEVICE_FAMILY = "1,2";
			};
			name = Debug;
		};
		4211E5C020B2A4CD00E11076 /* Release */ = {
			isa = XCBuildConfiguration;
			buildSettings = {
				ASSETCATALOG_COMPILER_APPICON_NAME = AppIcon;
				CLANG_ENABLE_MODULES = YES;
				CODE_SIGN_STYLE = Automatic;
				INFOPLIST_FILE = CollectionViewTest/Info.plist;
				LD_RUNPATH_SEARCH_PATHS = "$(inherited) @executable_path/Frameworks";
				PRODUCT_BUNDLE_IDENTIFIER = "com.-AryaSreenivasan.CollectionViewTest";
				PRODUCT_NAME = "$(TARGET_NAME)";
				SWIFT_OBJC_BRIDGING_HEADER = "CollectionViewTest/CollectionViewTest-Bridging-Header.h";
				SWIFT_VERSION = 4.0;
				TARGETED_DEVICE_FAMILY = "1,2";
			};
			name = Release;
		};
		4211E5C220B2A4CD00E11076 /* Debug */ = {
			isa = XCBuildConfiguration;
			buildSettings = {
				ALWAYS_EMBED_SWIFT_STANDARD_LIBRARIES = YES;
				BUNDLE_LOADER = "$(TEST_HOST)";
				CODE_SIGN_STYLE = Automatic;
				INFOPLIST_FILE = CollectionViewTestTests/Info.plist;
				LD_RUNPATH_SEARCH_PATHS = "$(inherited) @executable_path/Frameworks @loader_path/Frameworks";
				PRODUCT_BUNDLE_IDENTIFIER = "com.-AryaSreenivasan.CollectionViewTestTests";
				PRODUCT_NAME = "$(TARGET_NAME)";
				SWIFT_VERSION = 4.0;
				TARGETED_DEVICE_FAMILY = "1,2";
				TEST_HOST = "$(BUILT_PRODUCTS_DIR)/CollectionViewTest.app/CollectionViewTest";
			};
			name = Debug;
		};
		4211E5C320B2A4CD00E11076 /* Release */ = {
			isa = XCBuildConfiguration;
			buildSettings = {
				ALWAYS_EMBED_SWIFT_STANDARD_LIBRARIES = YES;
				BUNDLE_LOADER = "$(TEST_HOST)";
				CODE_SIGN_STYLE = Automatic;
				INFOPLIST_FILE = CollectionViewTestTests/Info.plist;
				LD_RUNPATH_SEARCH_PATHS = "$(inherited) @executable_path/Frameworks @loader_path/Frameworks";
				PRODUCT_BUNDLE_IDENTIFIER = "com.-AryaSreenivasan.CollectionViewTestTests";
				PRODUCT_NAME = "$(TARGET_NAME)";
				SWIFT_VERSION = 4.0;
				TARGETED_DEVICE_FAMILY = "1,2";
				TEST_HOST = "$(BUILT_PRODUCTS_DIR)/CollectionViewTest.app/CollectionViewTest";
			};
			name = Release;
		};
		4211E5C520B2A4CD00E11076 /* Debug */ = {
			isa = XCBuildConfiguration;
			buildSettings = {
				ALWAYS_EMBED_SWIFT_STANDARD_LIBRARIES = YES;
				CODE_SIGN_STYLE = Automatic;
				INFOPLIST_FILE = CollectionViewTestUITests/Info.plist;
				LD_RUNPATH_SEARCH_PATHS = "$(inherited) @executable_path/Frameworks @loader_path/Frameworks";
				PRODUCT_BUNDLE_IDENTIFIER = "com.-AryaSreenivasan.CollectionViewTestUITests";
				PRODUCT_NAME = "$(TARGET_NAME)";
				SWIFT_VERSION = 4.0;
				TARGETED_DEVICE_FAMILY = "1,2";
				TEST_TARGET_NAME = CollectionViewTest;
			};
			name = Debug;
		};
		4211E5C620B2A4CD00E11076 /* Release */ = {
			isa = XCBuildConfiguration;
			buildSettings = {
				ALWAYS_EMBED_SWIFT_STANDARD_LIBRARIES = YES;
				CODE_SIGN_STYLE = Automatic;
				INFOPLIST_FILE = CollectionViewTestUITests/Info.plist;
				LD_RUNPATH_SEARCH_PATHS = "$(inherited) @executable_path/Frameworks @loader_path/Frameworks";
				PRODUCT_BUNDLE_IDENTIFIER = "com.-AryaSreenivasan.CollectionViewTestUITests";
				PRODUCT_NAME = "$(TARGET_NAME)";
				SWIFT_VERSION = 4.0;
				TARGETED_DEVICE_FAMILY = "1,2";
				TEST_TARGET_NAME = CollectionViewTest;
			};
			name = Release;
		};
/* End XCBuildConfiguration section */

/* Begin XCConfigurationList section */
		4211E59120B2A4C100E11076 /* Build configuration list for PBXProject "CollectionViewTest" */ = {
			isa = XCConfigurationList;
			buildConfigurations = (
				4211E5BC20B2A4CD00E11076 /* Debug */,
				4211E5BD20B2A4CD00E11076 /* Release */,
			);
			defaultConfigurationIsVisible = 0;
			defaultConfigurationName = Release;
		};
		4211E5BE20B2A4CD00E11076 /* Build configuration list for PBXNativeTarget "CollectionViewTest" */ = {
			isa = XCConfigurationList;
			buildConfigurations = (
				4211E5BF20B2A4CD00E11076 /* Debug */,
				4211E5C020B2A4CD00E11076 /* Release */,
			);
			defaultConfigurationIsVisible = 0;
			defaultConfigurationName = Release;
		};
		4211E5C120B2A4CD00E11076 /* Build configuration list for PBXNativeTarget "CollectionViewTestTests" */ = {
			isa = XCConfigurationList;
			buildConfigurations = (
				4211E5C220B2A4CD00E11076 /* Debug */,
				4211E5C320B2A4CD00E11076 /* Release */,
			);
			defaultConfigurationIsVisible = 0;
			defaultConfigurationName = Release;
		};
		4211E5C420B2A4CD00E11076 /* Build configuration list for PBXNativeTarget "CollectionViewTestUITests" */ = {
			isa = XCConfigurationList;
			buildConfigurations = (
				4211E5C520B2A4CD00E11076 /* Debug */,
				4211E5C620B2A4CD00E11076 /* Release */,
			);
			defaultConfigurationIsVisible = 0;
			defaultConfigurationName = Release;
		};
/* End XCConfigurationList section */
	};
	rootObject = 4211E58E20B2A4C100E11076 /* Project object */;
}
